
Microsoft Visual Studio Solution File, Format Version 12.00
# Visual Studio Version 17
VisualStudioVersion = 17.5.33502.453
MinimumVisualStudioVersion = 10.0.40219.1
Project("{9A19103F-16F7-4668-BE54-9A1E7A4F7556}") = "SpooninDrawer", "SpooninDrawer\SpooninDrawer.csproj", "{2B300C57-8271-438E-B860-7F10DC370B20}"
EndProject
Project("{9A19103F-16F7-4668-BE54-9A1E7A4F7556}") = "Engine2DPipelineExtensions", "Engine2DPipelineExtensions\Engine2DPipelineExtensions.csproj", "{B7FB99F5-E647-4E22-9A48-320C9A1D8E19}"
EndProject
Project("{FAE04EC0-301F-11D3-BF4B-00C04F79EFBC}") = "GameEditor", "GameEditor\GameEditor.csproj", "{E29AB31D-9BD7-4766-BE30-A3B55EEC6CEB}"
EndProject
Project("{FAE04EC0-301F-11D3-BF4B-00C04F79EFBC}") = "GameEditorTest", "GameEditorTest\GameEditorTest.csproj", "{32D06CCF-6AE3-4B57-8EA3-7B316D09EB10}"
EndProject
Global
	GlobalSection(SolutionConfigurationPlatforms) = preSolution
		Debug|Any CPU = Debug|Any CPU
		Release|Any CPU = Release|Any CPU
	EndGlobalSection
	GlobalSection(ProjectConfigurationPlatforms) = postSolution
		{2B300C57-8271-438E-B860-7F10DC370B20}.Debug|Any CPU.ActiveCfg = Debug|Any CPU
		{2B300C57-8271-438E-B860-7F10DC370B20}.Debug|Any CPU.Build.0 = Debug|Any CPU
		{2B300C57-8271-438E-B860-7F10DC370B20}.Release|Any CPU.ActiveCfg = Release|Any CPU
		{2B300C57-8271-438E-B860-7F10DC370B20}.Release|Any CPU.Build.0 = Release|Any CPU
		{B7FB99F5-E647-4E22-9A48-320C9A1D8E19}.Debug|Any CPU.ActiveCfg = Release|Any CPU
		{B7FB99F5-E647-4E22-9A48-320C9A1D8E19}.Debug|Any CPU.Build.0 = Release|Any CPU
		{B7FB99F5-E647-4E22-9A48-320C9A1D8E19}.Release|Any CPU.ActiveCfg = Release|Any CPU
		{B7FB99F5-E647-4E22-9A48-320C9A1D8E19}.Release|Any CPU.Build.0 = Release|Any CPU
		{E29AB31D-9BD7-4766-BE30-A3B55EEC6CEB}.Debug|Any CPU.ActiveCfg = Debug|Any CPU
		{E29AB31D-9BD7-4766-BE30-A3B55EEC6CEB}.Debug|Any CPU.Build.0 = Debug|Any CPU
		{E29AB31D-9BD7-4766-BE30-A3B55EEC6CEB}.Release|Any CPU.ActiveCfg = Release|Any CPU
		{E29AB31D-9BD7-4766-BE30-A3B55EEC6CEB}.Release|Any CPU.Build.0 = Release|Any CPU
		{32D06CCF-6AE3-4B57-8EA3-7B316D09EB10}.Debug|Any CPU.ActiveCfg = Debug|Any CPU
		{32D06CCF-6AE3-4B57-8EA3-7B316D09EB10}.Debug|Any CPU.Build.0 = Debug|Any CPU
		{32D06CCF-6AE3-4B57-8EA3-7B316D09EB10}.Release|Any CPU.ActiveCfg = Release|Any CPU
		{32D06CCF-6AE3-4B57-8EA3-7B316D09EB10}.Release|Any CPU.Build.0 = Release|Any CPU
	EndGlobalSection
	GlobalSection(SolutionProperties) = preSolution
		HideSolutionNode = FALSE
	EndGlobalSection
	GlobalSection(ExtensibilityGlobals) = postSolution
		SolutionGuid = {077A272C-6DD1-49BA-8711-5CAC05DB1DF2}
	EndGlobalSection
EndGlobal
